{
  "version": 4,
  "terraform_version": "1.15.8",
  "serial": 3,
  "lineage": "050b6c06-2a3c-a086-e061-b73053cf4d84",
  "outputs": {},
  "resources": [
    {
      "mode": "managed",
      "type": "docker_container",
      "name": "k3s_server",
      "provider": "provider[\"registry.terraform.io/kreuzwerker/docker\"]",
      "instances": [
        {
          "status": "tainted",
          "schema_version": 2,
          "attributes": {
            "attach": false,
            "bridge": null,
            "capabilities": [],
            "cgroupns_mode": null,
            "command": [
              "server",
              "--disable=traefik"
            ],
            "container_logs": null,
            "container_read_refresh_timeout_milliseconds": 15000,
            "cpu_set": null,
            "cpu_shares": null,
            "destroy_grace_seconds": null,
            "devices": [],
            "dns": null,
            "dns_opts": null,
            "dns_search": null,
            "domainname": null,
            "entrypoint": null,
            "env": [
              "K3S_KUBECONFIG_MODE=666",
              "K3S_KUBECONFIG_OUTPUT=/output/kubeconfig.yaml"
            ],
            "exit_code": null,
            "gpus": null,
            "group_add": null,
            "healthcheck": null,
            "host": [],
            "hostname": null,
            "id": "4fbc96520b6cbe9f8fc8228c0289b898f94888c46d5dd2c6b4daf380afa1a041",
            "image": "sha256:99201fca4005c18bd923ae4dd43f0539a62eb817ed49d69256caa080836fabd9",
            "init": null,
            "ipc_mode": null,
            "labels": [],
            "log_driver": null,
            "log_opts": null,
            "logs": false,
            "max_retry_count": null,
            "memory": null,
            "memory_swap": null,
            "mounts": [],
            "must_run": true,
            "name": "k3s-server",
            "network_data": null,
            "network_mode": null,
            "networks_advanced": [],
            "pid_mode": null,
            "ports": [
              {
                "external": 6443,
                "internal": 6443,
                "ip": "0.0.0.0",
                "protocol": "tcp"
              },
              {
                "external": 30080,
                "internal": 30080,
                "ip": "0.0.0.0",
                "protocol": "tcp"
              },
              {
                "external": 30081,
                "internal": 30081,
                "ip": "0.0.0.0",
                "protocol": "tcp"
              }
            ],
            "privileged": true,
            "publish_all_ports": null,
            "read_only": false,
            "remove_volumes": true,
            "restart": "no",
            "rm": false,
            "runtime": null,
            "security_opts": [],
            "shm_size": null,
            "start": true,
            "stdin_open": false,
            "stop_signal": null,
            "stop_timeout": null,
            "storage_opts": null,
            "sysctls": null,
            "tmpfs": null,
            "tty": false,
            "ulimit": [],
            "upload": [],
            "user": null,
            "userns_mode": null,
            "volumes": [
              {
                "container_path": "/output",
                "from_container": "",
                "host_path": "/home/andres/devops_project/infra/terraform/k3s-output",
                "read_only": null,
                "volume_name": ""
              }
            ],
            "wait": false,
            "wait_timeout": 60,
            "working_dir": null
          },
          "sensitive_attributes": [],
          "identity_schema_version": 0,
          "private": "eyJzY2hlbWFfdmVyc2lvbiI6IjIifQ==",
          "dependencies": [
            "docker_image.k3s"
          ]
        }
      ]
    },
    {
      "mode": "managed",
      "type": "docker_image",
      "name": "k3s",
      "provider": "provider[\"registry.terraform.io/kreuzwerker/docker\"]",
      "instances": [
        {
          "schema_version": 0,
          "attributes": {
            "build": [],
            "force_remove": null,
            "id": "sha256:99201fca4005c18bd923ae4dd43f0539a62eb817ed49d69256caa080836fabd9rancher/k3s:v1.27.4-k3s1",
            "image_id": "sha256:99201fca4005c18bd923ae4dd43f0539a62eb817ed49d69256caa080836fabd9",
            "keep_locally": true,
            "name": "rancher/k3s:v1.27.4-k3s1",
            "platform": null,
            "pull_triggers": null,
            "repo_digest": "rancher/k3s@sha256:99201fca4005c18bd923ae4dd43f0539a62eb817ed49d69256caa080836fabd9",
            "triggers": null
          },
          "sensitive_attributes": [],
          "identity_schema_version": 0,
          "private": "bnVsbA=="
        }
      ]
    }
  ],
  "check_results": null
}
